{
  "requires": true,
  "lockfileVersion": 1,
  "dependencies": {
    "chessground": {
      "version": "7.9.3",
      "resolved": "https://registry.npmjs.org/chessground/-/chessground-7.9.3.tgz",
      "integrity": "sha512-6vU1q3u/69aHt/Y/UwNk9h9BxPhOuJl+xTQH/taicVZcVY7VcUEUpt+yvVGgglooPgOzM/uj2Rzv5Pcaj/R2/A=="
    }
  }
}
